// !$*UTF8*$!
{
	archiveVersion = 1;
	classes = {
	};
	objectVersion = 56;
	objects = {

/* Begin PBXBuildFile section */
		4B73EA1F2D6A0291001DF0E7 /* VideoListViewControllerExtensions.swift in Sources */ = {isa = PBXBuildFile; fileRef = 4B73EA1E2D6A0291001DF0E7 /* VideoListViewControllerExtensions.swift */; };
		4B9529F02D6894FF0065CDFE /* CategoryCollectionViewCell.swift in Sources */ = {isa = PBXBuildFile; fileRef = 4B9529EF2D6894FF0065CDFE /* CategoryCollectionViewCell.swift */; };
		4B9529F32D68CDF40065CDFE /* SDWebImage in Frameworks */ = {isa = PBXBuildFile; productRef = 4B9529F22D68CDF40065CDFE /* SDWebImage */; };
		4B9529F52D68CDF40065CDFE /* SDWebImageMapKit in Frameworks */ = {isa = PBXBuildFile; productRef = 4B9529F42D68CDF40065CDFE /* SDWebImageMapKit */; };
		4B9529F82D68D1850065CDFE /* SkeletonView in Frameworks */ = {isa = PBXBuildFile; productRef = 4B9529F72D68D1850065CDFE /* SkeletonView */; };
		4BB9C2842D6664F800BCA13D /* AppDelegate.swift in Sources */ = {isa = PBXBuildFile; fileRef = 4BB9C2832D6664F800BCA13D /* AppDelegate.swift */; };
		4BB9C2862D6664F800BCA13D /* SceneDelegate.swift in Sources */ = {isa = PBXBuildFile; fileRef = 4BB9C2852D6664F800BCA13D /* SceneDelegate.swift */; };
		4BB9C2882D6664F800BCA13D /* VideoListViewController.swift in Sources */ = {isa = PBXBuildFile; fileRef = 4BB9C2872D6664F800BCA13D /* VideoListViewController.swift */; };
		4BB9C28B2D6664F800BCA13D /* Main.storyboard in Resources */ = {isa = PBXBuildFile; fileRef = 4BB9C2892D6664F800BCA13D /* Main.storyboard */; };
		4BB9C28D2D6664F900BCA13D /* Assets.xcassets in Resources */ = {isa = PBXBuildFile; fileRef = 4BB9C28C2D6664F900BCA13D /* Assets.xcassets */; };
		4BB9C2902D6664F900BCA13D /* LaunchScreen.storyboard in Resources */ = {isa = PBXBuildFile; fileRef = 4BB9C28E2D6664F900BCA13D /* LaunchScreen.storyboard */; };
		4BB9C29F2D666DBE00BCA13D /* Video.swift in Sources */ = {isa = PBXBuildFile; fileRef = 4BB9C29E2D666DBE00BCA13D /* Video.swift */; };
		4BB9C2A22D666F9B00BCA13D /* AlamofireImage in Frameworks */ = {isa = PBXBuildFile; productRef = 4BB9C2A12D666F9B00BCA13D /* AlamofireImage */; };
		4BB9C2A72D670D7E00BCA13D /* User.swift in Sources */ = {isa = PBXBuildFile; fileRef = 4BB9C2A62D670D7E00BCA13D /* User.swift */; };
		4BB9C2A92D670F6700BCA13D /* APIManager.swift in Sources */ = {isa = PBXBuildFile; fileRef = 4BB9C2A82D670F6700BCA13D /* APIManager.swift */; };
		4BB9C2AB2D67169000BCA13D /* Constants.swift in Sources */ = {isa = PBXBuildFile; fileRef = 4BB9C2AA2D67169000BCA13D /* Constants.swift */; };
		4BB9C2AD2D67174000BCA13D /* ConstantsTemplate.swift in Sources */ = {isa = PBXBuildFile; fileRef = 4BB9C2AC2D67173F00BCA13D /* ConstantsTemplate.swift */; };
		4BB9C2AF2D673CAE00BCA13D /* VideoListViewModel.swift in Sources */ = {isa = PBXBuildFile; fileRef = 4BB9C2AE2D673CAE00BCA13D /* VideoListViewModel.swift */; };
		4BB9C2B12D67449600BCA13D /* VideoCellTableViewCell.swift in Sources */ = {isa = PBXBuildFile; fileRef = 4BB9C2B02D67449600BCA13D /* VideoCellTableViewCell.swift */; };
/* End PBXBuildFile section */

/* Begin PBXFileReference section */
		4B73EA1E2D6A0291001DF0E7 /* VideoListViewControllerExtensions.swift */ = {isa = PBXFileReference; lastKnownFileType = sourcecode.swift; path = VideoListViewControllerExtensions.swift; sourceTree = "<group>"; };
		4B9529EF2D6894FF0065CDFE /* CategoryCollectionViewCell.swift */ = {isa = PBXFileReference; lastKnownFileType = sourcecode.swift; path = CategoryCollectionViewCell.swift; sourceTree = "<group>"; };
		4BB9C2802D6664F800BCA13D /* RedzExplorer.app */ = {isa = PBXFileReference; explicitFileType = wrapper.application; includeInIndex = 0; path = RedzExplorer.app; sourceTree = BUILT_PRODUCTS_DIR; };
		4BB9C2832D6664F800BCA13D /* AppDelegate.swift */ = {isa = PBXFileReference; lastKnownFileType = sourcecode.swift; path = AppDelegate.swift; sourceTree = "<group>"; };
		4BB9C2852D6664F800BCA13D /* SceneDelegate.swift */ = {isa = PBXFileReference; lastKnownFileType = sourcecode.swift; path = SceneDelegate.swift; sourceTree = "<group>"; };
		4BB9C2872D6664F800BCA13D /* VideoListViewController.swift */ = {isa = PBXFileReference; lastKnownFileType = sourcecode.swift; path = VideoListViewController.swift; sourceTree = "<group>"; };
		4BB9C28A2D6664F800BCA13D /* Base */ = {isa = PBXFileReference; lastKnownFileType = file.storyboard; name = Base; path = Base.lproj/Main.storyboard; sourceTree = "<group>"; };
		4BB9C28C2D6664F900BCA13D /* Assets.xcassets */ = {isa = PBXFileReference; lastKnownFileType = folder.assetcatalog; path = Assets.xcassets; sourceTree = "<group>"; };
		4BB9C28F2D6664F900BCA13D /* Base */ = {isa = PBXFileReference; lastKnownFileType = file.storyboard; name = Base; path = Base.lproj/LaunchScreen.storyboard; sourceTree = "<group>"; };
		4BB9C2912D6664F900BCA13D /* Info.plist */ = {isa = PBXFileReference; lastKnownFileType = text.plist.xml; path = Info.plist; sourceTree = "<group>"; };
		4BB9C29E2D666DBE00BCA13D /* Video.swift */ = {isa = PBXFileReference; lastKnownFileType = sourcecode.swift; path = Video.swift; sourceTree = "<group>"; };
		4BB9C2A62D670D7E00BCA13D /* User.swift */ = {isa = PBXFileReference; lastKnownFileType = sourcecode.swift; path = User.swift; sourceTree = "<group>"; };
		4BB9C2A82D670F6700BCA13D /* APIManager.swift */ = {isa = PBXFileReference; lastKnownFileType = sourcecode.swift; path = APIManager.swift; sourceTree = "<group>"; };
		4BB9C2AA2D67169000BCA13D /* Constants.swift */ = {isa = PBXFileReference; lastKnownFileType = sourcecode.swift; path = Constants.swift; sourceTree = "<group>"; };
		4BB9C2AC2D67173F00BCA13D /* ConstantsTemplate.swift */ = {isa = PBXFileReference; lastKnownFileType = sourcecode.swift; path = ConstantsTemplate.swift; sourceTree = "<group>"; };
		4BB9C2AE2D673CAE00BCA13D /* VideoListViewModel.swift */ = {isa = PBXFileReference; lastKnownFileType = sourcecode.swift; path = VideoListViewModel.swift; sourceTree = "<group>"; };
		4BB9C2B02D67449600BCA13D /* VideoCellTableViewCell.swift */ = {isa = PBXFileReference; lastKnownFileType = sourcecode.swift; path = VideoCellTableViewCell.swift; sourceTree = "<group>"; };
/* End PBXFileReference section */

/* Begin PBXFrameworksBuildPhase section */
		4BB9C27D2D6664F800BCA13D /* Frameworks */ = {
			isa = PBXFrameworksBuildPhase;
			buildActionMask = 2147483647;
			files = (
				4B9529F82D68D1850065CDFE /* SkeletonView in Frameworks */,
				4B9529F32D68CDF40065CDFE /* SDWebImage in Frameworks */,
				4B9529F52D68CDF40065CDFE /* SDWebImageMapKit in Frameworks */,
				4BB9C2A22D666F9B00BCA13D /* AlamofireImage in Frameworks */,
			);
			runOnlyForDeploymentPostprocessing = 0;
		};
/* End PBXFrameworksBuildPhase section */

/* Begin PBXGroup section */
		4BB9C2772D6664F800BCA13D = {
			isa = PBXGroup;
			children = (
				4BB9C2822D6664F800BCA13D /* RedzExplorer */,
				4BB9C2812D6664F800BCA13D /* Products */,
			);
			sourceTree = "<group>";
		};
		4BB9C2812D6664F800BCA13D /* Products */ = {
			isa = PBXGroup;
			children = (
				4BB9C2802D6664F800BCA13D /* RedzExplorer.app */,
			);
			name = Products;
			sourceTree = "<group>";
		};
		4BB9C2822D6664F800BCA13D /* RedzExplorer */ = {
			isa = PBXGroup;
			children = (
				4BB9C29C2D66689200BCA13D /* Utils */,
				4BB9C29B2D66688800BCA13D /* Networks */,
				4BB9C29A2D66687E00BCA13D /* Extensions */,
				4BB9C2992D66686D00BCA13D /* ViewModels */,
				4BB9C2982D66685F00BCA13D /* Views */,
				4BB9C2972D66684500BCA13D /* Models */,
				4BB9C2832D6664F800BCA13D /* AppDelegate.swift */,
				4BB9C2852D6664F800BCA13D /* SceneDelegate.swift */,
				4BB9C2892D6664F800BCA13D /* Main.storyboard */,
				4BB9C28C2D6664F900BCA13D /* Assets.xcassets */,
				4BB9C28E2D6664F900BCA13D /* LaunchScreen.storyboard */,
				4BB9C2912D6664F900BCA13D /* Info.plist */,
			);
			path = RedzExplorer;
			sourceTree = "<group>";
		};
		4BB9C2972D66684500BCA13D /* Models */ = {
			isa = PBXGroup;
			children = (
				4BB9C29E2D666DBE00BCA13D /* Video.swift */,
				4BB9C2A62D670D7E00BCA13D /* User.swift */,
			);
			path = Models;
			sourceTree = "<group>";
		};
		4BB9C2982D66685F00BCA13D /* Views */ = {
			isa = PBXGroup;
			children = (
				4BB9C29D2D666D1100BCA13D /* ViewControllers */,
				4BB9C2B02D67449600BCA13D /* VideoCellTableViewCell.swift */,
				4B9529EF2D6894FF0065CDFE /* CategoryCollectionViewCell.swift */,
			);
			path = Views;
			sourceTree = "<group>";
		};
		4BB9C2992D66686D00BCA13D /* ViewModels */ = {
			isa = PBXGroup;
			children = (
				4BB9C2AE2D673CAE00BCA13D /* VideoListViewModel.swift */,
			);
			path = ViewModels;
			sourceTree = "<group>";
		};
		4BB9C29A2D66687E00BCA13D /* Extensions */ = {
			isa = PBXGroup;
			children = (
				4B73EA1E2D6A0291001DF0E7 /* VideoListViewControllerExtensions.swift */,
			);
			path = Extensions;
			sourceTree = "<group>";
		};
		4BB9C29B2D66688800BCA13D /* Networks */ = {
			isa = PBXGroup;
			children = (
				4BB9C2A82D670F6700BCA13D /* APIManager.swift */,
			);
			path = Networks;
			sourceTree = "<group>";
		};
		4BB9C29C2D66689200BCA13D /* Utils */ = {
			isa = PBXGroup;
			children = (
				4BB9C2AA2D67169000BCA13D /* Constants.swift */,
				4BB9C2AC2D67173F00BCA13D /* ConstantsTemplate.swift */,
			);
			path = Utils;
			sourceTree = "<group>";
		};
		4BB9C29D2D666D1100BCA13D /* ViewControllers */ = {
			isa = PBXGroup;
			children = (
				4BB9C2872D6664F800BCA13D /* VideoListViewController.swift */,
			);
			path = ViewControllers;
			sourceTree = "<group>";
		};
/* End PBXGroup section */

/* Begin PBXNativeTarget section */
		4BB9C27F2D6664F800BCA13D /* RedzExplorer */ = {
			isa = PBXNativeTarget;
			buildConfigurationList = 4BB9C2942D6664F900BCA13D /* Build configuration list for PBXNativeTarget "RedzExplorer" */;
			buildPhases = (
				4BB9C27C2D6664F800BCA13D /* Sources */,
				4BB9C27D2D6664F800BCA13D /* Frameworks */,
				4BB9C27E2D6664F800BCA13D /* Resources */,
			);
			buildRules = (
			);
			dependencies = (
			);
			name = RedzExplorer;
			packageProductDependencies = (
				4BB9C2A12D666F9B00BCA13D /* AlamofireImage */,
				4B9529F22D68CDF40065CDFE /* SDWebImage */,
				4B9529F42D68CDF40065CDFE /* SDWebImageMapKit */,
				4B9529F72D68D1850065CDFE /* SkeletonView */,
			);
			productName = RedzExplorer;
			productReference = 4BB9C2802D6664F800BCA13D /* RedzExplorer.app */;
			productType = "com.apple.product-type.application";
		};
/* End PBXNativeTarget section */

/* Begin PBXProject section */
		4BB9C2782D6664F800BCA13D /* Project object */ = {
			isa = PBXProject;
			attributes = {
				BuildIndependentTargetsInParallel = 1;
				LastSwiftUpdateCheck = 1430;
				LastUpgradeCheck = 1430;
				TargetAttributes = {
					4BB9C27F2D6664F800BCA13D = {
						CreatedOnToolsVersion = 14.3.1;
					};
				};
			};
			buildConfigurationList = 4BB9C27B2D6664F800BCA13D /* Build configuration list for PBXProject "RedzExplorer" */;
			compatibilityVersion = "Xcode 14.0";
			developmentRegion = en;
			hasScannedForEncodings = 0;
			knownRegions = (
				en,
				Base,
			);
			mainGroup = 4BB9C2772D6664F800BCA13D;
			packageReferences = (
				4BB9C2A02D666F9B00BCA13D /* XCRemoteSwiftPackageReference "AlamofireImage" */,
				4B9529F12D68CDF40065CDFE /* XCRemoteSwiftPackageReference "SDWebImage" */,
				4B9529F62D68D1850065CDFE /* XCRemoteSwiftPackageReference "SkeletonView" */,
			);
			productRefGroup = 4BB9C2812D6664F800BCA13D /* Products */;
			projectDirPath = "";
			projectRoot = "";
			targets = (
				4BB9C27F2D6664F800BCA13D /* RedzExplorer */,
			);
		};
/* End PBXProject section */

/* Begin PBXResourcesBuildPhase section */
		4BB9C27E2D6664F800BCA13D /* Resources */ = {
			isa = PBXResourcesBuildPhase;
			buildActionMask = 2147483647;
			files = (
				4BB9C2902D6664F900BCA13D /* LaunchScreen.storyboard in Resources */,
				4BB9C28D2D6664F900BCA13D /* Assets.xcassets in Resources */,
				4BB9C28B2D6664F800BCA13D /* Main.storyboard in Resources */,
			);
			runOnlyForDeploymentPostprocessing = 0;
		};
/* End PBXResourcesBuildPhase section */

/* Begin PBXSourcesBuildPhase section */
		4BB9C27C2D6664F800BCA13D /* Sources */ = {
			isa = PBXSourcesBuildPhase;
			buildActionMask = 2147483647;
			files = (
				4BB9C2A92D670F6700BCA13D /* APIManager.swift in Sources */,
				4BB9C2882D6664F800BCA13D /* VideoListViewController.swift in Sources */,
				4BB9C29F2D666DBE00BCA13D /* Video.swift in Sources */,
				4BB9C2AD2D67174000BCA13D /* ConstantsTemplate.swift in Sources */,
				4B73EA1F2D6A0291001DF0E7 /* VideoListViewControllerExtensions.swift in Sources */,
				4BB9C2842D6664F800BCA13D /* AppDelegate.swift in Sources */,
				4BB9C2AF2D673CAE00BCA13D /* VideoListViewModel.swift in Sources */,
				4BB9C2AB2D67169000BCA13D /* Constants.swift in Sources */,
				4BB9C2A72D670D7E00BCA13D /* User.swift in Sources */,
				4B9529F02D6894FF0065CDFE /* CategoryCollectionViewCell.swift in Sources */,
				4BB9C2862D6664F800BCA13D /* SceneDelegate.swift in Sources */,
				4BB9C2B12D67449600BCA13D /* VideoCellTableViewCell.swift in Sources */,
			);
			runOnlyForDeploymentPostprocessing = 0;
		};
/* End PBXSourcesBuildPhase section */

/* Begin PBXVariantGroup section */
		4BB9C2892D6664F800BCA13D /* Main.storyboard */ = {
			isa = PBXVariantGroup;
			children = (
				4BB9C28A2D6664F800BCA13D /* Base */,
			);
			name = Main.storyboard;
			sourceTree = "<group>";
		};
		4BB9C28E2D6664F900BCA13D /* LaunchScreen.storyboard */ = {
			isa = PBXVariantGroup;
			children = (
				4BB9C28F2D6664F900BCA13D /* Base */,
			);
			name = LaunchScreen.storyboard;
			sourceTree = "<group>";
		};
/* End PBXVariantGroup section */

/* Begin XCBuildConfiguration section */
		4BB9C2922D6664F900BCA13D /* Debug */ = {
			isa = XCBuildConfiguration;
			buildSettings = {
				ALWAYS_SEARCH_USER_PATHS = NO;
				CLANG_ANALYZER_NONNULL = YES;
				CLANG_ANALYZER_NUMBER_OBJECT_CONVERSION = YES_AGGRESSIVE;
				CLANG_CXX_LANGUAGE_STANDARD = "gnu++20";
				CLANG_ENABLE_MODULES = YES;
				CLANG_ENABLE_OBJC_ARC = YES;
				CLANG_ENABLE_OBJC_WEAK = YES;
				CLANG_WARN_BLOCK_CAPTURE_AUTORELEASING = YES;
				CLANG_WARN_BOOL_CONVERSION = YES;
				CLANG_WARN_COMMA = YES;
				CLANG_WARN_CONSTANT_CONVERSION = YES;
				CLANG_WARN_DEPRECATED_OBJC_IMPLEMENTATIONS = YES;
				CLANG_WARN_DIRECT_OBJC_ISA_USAGE = YES_ERROR;
				CLANG_WARN_DOCUMENTATION_COMMENTS = YES;
				CLANG_WARN_EMPTY_BODY = YES;
				CLANG_WARN_ENUM_CONVERSION = YES;
				CLANG_WARN_INFINITE_RECURSION = YES;
				CLANG_WARN_INT_CONVERSION = YES;
				CLANG_WARN_NON_LITERAL_NULL_CONVERSION = YES;
				CLANG_WARN_OBJC_IMPLICIT_RETAIN_SELF = YES;
				CLANG_WARN_OBJC_LITERAL_CONVERSION = YES;
				CLANG_WARN_OBJC_ROOT_CLASS = YES_ERROR;
				CLANG_WARN_QUOTED_INCLUDE_IN_FRAMEWORK_HEADER = YES;
				CLANG_WARN_RANGE_LOOP_ANALYSIS = YES;
				CLANG_WARN_STRICT_PROTOTYPES = YES;
				CLANG_WARN_SUSPICIOUS_MOVE = YES;
				CLANG_WARN_UNGUARDED_AVAILABILITY = YES_AGGRESSIVE;
				CLANG_WARN_UNREACHABLE_CODE = YES;
				CLANG_WARN__DUPLICATE_METHOD_MATCH = YES;
				COPY_PHASE_STRIP = NO;
				DEBUG_INFORMATION_FORMAT = dwarf;
				ENABLE_STRICT_OBJC_MSGSEND = YES;
				ENABLE_TESTABILITY = YES;
				GCC_C_LANGUAGE_STANDARD = gnu11;
				GCC_DYNAMIC_NO_PIC = NO;
				GCC_NO_COMMON_BLOCKS = YES;
				GCC_OPTIMIZATION_LEVEL = 0;
				GCC_PREPROCESSOR_DEFINITIONS = (
					"DEBUG=1",
					"$(inherited)",
				);
				GCC_WARN_64_TO_32_BIT_CONVERSION = YES;
				GCC_WARN_ABOUT_RETURN_TYPE = YES_ERROR;
				GCC_WARN_UNDECLARED_SELECTOR = YES;
				GCC_WARN_UNINITIALIZED_AUTOS = YES_AGGRESSIVE;
				GCC_WARN_UNUSED_FUNCTION = YES;
				GCC_WARN_UNUSED_VARIABLE = YES;
				IPHONEOS_DEPLOYMENT_TARGET = 16.4;
				MTL_ENABLE_DEBUG_INFO = INCLUDE_SOURCE;
				MTL_FAST_MATH = YES;
				ONLY_ACTIVE_ARCH = YES;
				SDKROOT = iphoneos;
				SWIFT_ACTIVE_COMPILATION_CONDITIONS = DEBUG;
				SWIFT_OPTIMIZATION_LEVEL = "-Onone";
			};
			name = Debug;
		};
		4BB9C2932D6664F900BCA13D /* Release */ = {
			isa = XCBuildConfiguration;
			buildSettings = {
				ALWAYS_SEARCH_USER_PATHS = NO;
				CLANG_ANALYZER_NONNULL = YES;
				CLANG_ANALYZER_NUMBER_OBJECT_CONVERSION = YES_AGGRESSIVE;
				CLANG_CXX_LANGUAGE_STANDARD = "gnu++20";
				CLANG_ENABLE_MODULES = YES;
				CLANG_ENABLE_OBJC_ARC = YES;
				CLANG_ENABLE_OBJC_WEAK = YES;
				CLANG_WARN_BLOCK_CAPTURE_AUTORELEASING = YES;
				CLANG_WARN_BOOL_CONVERSION = YES;
				CLANG_WARN_COMMA = YES;
				CLANG_WARN_CONSTANT_CONVERSION = YES;
				CLANG_WARN_DEPRECATED_OBJC_IMPLEMENTATIONS = YES;
				CLANG_WARN_DIRECT_OBJC_ISA_USAGE = YES_ERROR;
				CLANG_WARN_DOCUMENTATION_COMMENTS = YES;
				CLANG_WARN_EMPTY_BODY = YES;
				CLANG_WARN_ENUM_CONVERSION = YES;
				CLANG_WARN_INFINITE_RECURSION = YES;
				CLANG_WARN_INT_CONVERSION = YES;
				CLANG_WARN_NON_LITERAL_NULL_CONVERSION = YES;
				CLANG_WARN_OBJC_IMPLICIT_RETAIN_SELF = YES;
				CLANG_WARN_OBJC_LITERAL_CONVERSION = YES;
				CLANG_WARN_OBJC_ROOT_CLASS = YES_ERROR;
				CLANG_WARN_QUOTED_INCLUDE_IN_FRAMEWORK_HEADER = YES;
				CLANG_WARN_RANGE_LOOP_ANALYSIS = YES;
				CLANG_WARN_STRICT_PROTOTYPES = YES;
				CLANG_WARN_SUSPICIOUS_MOVE = YES;
				CLANG_WARN_UNGUARDED_AVAILABILITY = YES_AGGRESSIVE;
				CLANG_WARN_UNREACHABLE_CODE = YES;
				CLANG_WARN__DUPLICATE_METHOD_MATCH = YES;
				COPY_PHASE_STRIP = NO;
				DEBUG_INFORMATION_FORMAT = "dwarf-with-dsym";
				ENABLE_NS_ASSERTIONS = NO;
				ENABLE_STRICT_OBJC_MSGSEND = YES;
				GCC_C_LANGUAGE_STANDARD = gnu11;
				GCC_NO_COMMON_BLOCKS = YES;
				GCC_WARN_64_TO_32_BIT_CONVERSION = YES;
				GCC_WARN_ABOUT_RETURN_TYPE = YES_ERROR;
				GCC_WARN_UNDECLARED_SELECTOR = YES;
				GCC_WARN_UNINITIALIZED_AUTOS = YES_AGGRESSIVE;
				GCC_WARN_UNUSED_FUNCTION = YES;
				GCC_WARN_UNUSED_VARIABLE = YES;
				IPHONEOS_DEPLOYMENT_TARGET = 16.4;
				MTL_ENABLE_DEBUG_INFO = NO;
				MTL_FAST_MATH = YES;
				SDKROOT = iphoneos;
				SWIFT_COMPILATION_MODE = wholemodule;
				SWIFT_OPTIMIZATION_LEVEL = "-O";
				VALIDATE_PRODUCT = YES;
			};
			name = Release;
		};
		4BB9C2952D6664F900BCA13D /* Debug */ = {
			isa = XCBuildConfiguration;
			buildSettings = {
				ASSETCATALOG_COMPILER_APPICON_NAME = AppIcon;
				ASSETCATALOG_COMPILER_GLOBAL_ACCENT_COLOR_NAME = AccentColor;
				ASSETCATALOG_COMPILER_INCLUDE_ALL_APPICON_ASSETS = NO;
				CODE_SIGN_STYLE = Automatic;
				CURRENT_PROJECT_VERSION = 1;
				GENERATE_INFOPLIST_FILE = YES;
				INFOPLIST_FILE = RedzExplorer/Info.plist;
				INFOPLIST_KEY_UIApplicationSupportsIndirectInputEvents = YES;
				INFOPLIST_KEY_UILaunchStoryboardName = LaunchScreen.storyboard;
				INFOPLIST_KEY_UIMainStoryboardFile = Main;
				INFOPLIST_KEY_UISupportedInterfaceOrientations = UIInterfaceOrientationPortrait;
				INFOPLIST_KEY_UISupportedInterfaceOrientations_iPad = "UIInterfaceOrientationLandscapeLeft UIInterfaceOrientationLandscapeRight UIInterfaceOrientationPortrait UIInterfaceOrientationPortraitUpsideDown";
				IPHONEOS_DEPLOYMENT_TARGET = 15.0;
				LD_RUNPATH_SEARCH_PATHS = (
					"$(inherited)",
					"@executable_path/Frameworks",
				);
				MARKETING_VERSION = 1.0;
				PRODUCT_BUNDLE_IDENTIFIER = com.test.RedzExplorer;
				PRODUCT_NAME = "$(TARGET_NAME)";
				SUPPORTED_PLATFORMS = "iphoneos iphonesimulator";
				SUPPORTS_MACCATALYST = NO;
				SUPPORTS_MAC_DESIGNED_FOR_IPHONE_IPAD = NO;
				SWIFT_EMIT_LOC_STRINGS = YES;
				SWIFT_VERSION = 5.0;
				TARGETED_DEVICE_FAMILY = 1;
			};
			name = Debug;
		};
		4BB9C2962D6664F900BCA13D /* Release */ = {
			isa = XCBuildConfiguration;
			buildSettings = {
				ASSETCATALOG_COMPILER_APPICON_NAME = AppIcon;
				ASSETCATALOG_COMPILER_GLOBAL_ACCENT_COLOR_NAME = AccentColor;
				ASSETCATALOG_COMPILER_INCLUDE_ALL_APPICON_ASSETS = NO;
				CODE_SIGN_STYLE = Automatic;
				CURRENT_PROJECT_VERSION = 1;
				GENERATE_INFOPLIST_FILE = YES;
				INFOPLIST_FILE = RedzExplorer/Info.plist;
				INFOPLIST_KEY_UIApplicationSupportsIndirectInputEvents = YES;
				INFOPLIST_KEY_UILaunchStoryboardName = LaunchScreen.storyboard;
				INFOPLIST_KEY_UIMainStoryboardFile = Main;
				INFOPLIST_KEY_UISupportedInterfaceOrientations = UIInterfaceOrientationPortrait;
				INFOPLIST_KEY_UISupportedInterfaceOrientations_iPad = "UIInterfaceOrientationLandscapeLeft UIInterfaceOrientationLandscapeRight UIInterfaceOrientationPortrait UIInterfaceOrientationPortraitUpsideDown";
				IPHONEOS_DEPLOYMENT_TARGET = 15.0;
				LD_RUNPATH_SEARCH_PATHS = (
					"$(inherited)",
					"@executable_path/Frameworks",
				);
				MARKETING_VERSION = 1.0;
				PRODUCT_BUNDLE_IDENTIFIER = com.test.RedzExplorer;
				PRODUCT_NAME = "$(TARGET_NAME)";
				SUPPORTED_PLATFORMS = "iphoneos iphonesimulator";
				SUPPORTS_MACCATALYST = NO;
				SUPPORTS_MAC_DESIGNED_FOR_IPHONE_IPAD = NO;
				SWIFT_EMIT_LOC_STRINGS = YES;
				SWIFT_VERSION = 5.0;
				TARGETED_DEVICE_FAMILY = 1;
			};
			name = Release;
		};
/* End XCBuildConfiguration section */

/* Begin XCConfigurationList section */
		4BB9C27B2D6664F800BCA13D /* Build configuration list for PBXProject "RedzExplorer" */ = {
			isa = XCConfigurationList;
			buildConfigurations = (
				4BB9C2922D6664F900BCA13D /* Debug */,
				4BB9C2932D6664F900BCA13D /* Release */,
			);
			defaultConfigurationIsVisible = 0;
			defaultConfigurationName = Release;
		};
		4BB9C2942D6664F900BCA13D /* Build configuration list for PBXNativeTarget "RedzExplorer" */ = {
			isa = XCConfigurationList;
			buildConfigurations = (
				4BB9C2952D6664F900BCA13D /* Debug */,
				4BB9C2962D6664F900BCA13D /* Release */,
			);
			defaultConfigurationIsVisible = 0;
			defaultConfigurationName = Release;
		};
/* End XCConfigurationList section */

/* Begin XCRemoteSwiftPackageReference section */
		4B9529F12D68CDF40065CDFE /* XCRemoteSwiftPackageReference "SDWebImage" */ = {
			isa = XCRemoteSwiftPackageReference;
			repositoryURL = "https://github.com/SDWebImage/SDWebImage.git";
			requirement = {
				kind = upToNextMajorVersion;
				minimumVersion = 5.0.0;
			};
		};
		4B9529F62D68D1850065CDFE /* XCRemoteSwiftPackageReference "SkeletonView" */ = {
			isa = XCRemoteSwiftPackageReference;
			repositoryURL = "https://github.com/Juanpe/SkeletonView";
			requirement = {
				kind = upToNextMajorVersion;
				minimumVersion = 1.0.0;
			};
		};
		4BB9C2A02D666F9B00BCA13D /* XCRemoteSwiftPackageReference "AlamofireImage" */ = {
			isa = XCRemoteSwiftPackageReference;
			repositoryURL = "https://github.com/Alamofire/AlamofireImage";
			requirement = {
				kind = upToNextMajorVersion;
				minimumVersion = 4.0.0;
			};
		};
/* End XCRemoteSwiftPackageReference section */

/* Begin XCSwiftPackageProductDependency section */
		4B9529F22D68CDF40065CDFE /* SDWebImage */ = {
			isa = XCSwiftPackageProductDependency;
			package = 4B9529F12D68CDF40065CDFE /* XCRemoteSwiftPackageReference "SDWebImage" */;
			productName = SDWebImage;
		};
		4B9529F42D68CDF40065CDFE /* SDWebImageMapKit */ = {
			isa = XCSwiftPackageProductDependency;
			package = 4B9529F12D68CDF40065CDFE /* XCRemoteSwiftPackageReference "SDWebImage" */;
			productName = SDWebImageMapKit;
		};
		4B9529F72D68D1850065CDFE /* SkeletonView */ = {
			isa = XCSwiftPackageProductDependency;
			package = 4B9529F62D68D1850065CDFE /* XCRemoteSwiftPackageReference "SkeletonView" */;
			productName = SkeletonView;
		};
		4BB9C2A12D666F9B00BCA13D /* AlamofireImage */ = {
			isa = XCSwiftPackageProductDependency;
			package = 4BB9C2A02D666F9B00BCA13D /* XCRemoteSwiftPackageReference "AlamofireImage" */;
			productName = AlamofireImage;
		};
/* End XCSwiftPackageProductDependency section */
	};
	rootObject = 4BB9C2782D6664F800BCA13D /* Project object */;
}
