// !$*UTF8*$!
{
	archiveVersion = 1;
	classes = {
	};
	objectVersion = 56;
	objects = {

/* Begin PBXBuildFile section */
		1E7535652D709EA6002E8310 /* XCoordinator in Frameworks */ = {isa = PBXBuildFile; productRef = 1E7535642D709EA6002E8310 /* XCoordinator */; };
		1E7535672D709EA6002E8310 /* XCoordinatorCombine in Frameworks */ = {isa = PBXBuildFile; productRef = 1E7535662D709EA6002E8310 /* XCoordinatorCombine */; };
		4B24311D2D746F7D00513E12 /* SDWebImage in Frameworks */ = {isa = PBXBuildFile; productRef = 4B24311C2D746F7D00513E12 /* SDWebImage */; };
		4B73EA1F2D6A0291001DF0E7 /* VideoListViewControllerExtensions.swift in Sources */ = {isa = PBXBuildFile; fileRef = 4B73EA1E2D6A0291001DF0E7 /* VideoListViewControllerExtensions.swift */; };
		4B73EA212D6A0562001DF0E7 /* VideoDetailSwiftUIView.swift in Sources */ = {isa = PBXBuildFile; fileRef = 4B73EA202D6A0562001DF0E7 /* VideoDetailSwiftUIView.swift */; };
		4B9529F02D6894FF0065CDFE /* CategoryCollectionViewCell.swift in Sources */ = {isa = PBXBuildFile; fileRef = 4B9529EF2D6894FF0065CDFE /* CategoryCollectionViewCell.swift */; };
		4B9529F82D68D1850065CDFE /* SkeletonView in Frameworks */ = {isa = PBXBuildFile; productRef = 4B9529F72D68D1850065CDFE /* SkeletonView */; };
		4BA9F1B92D70C81500C2298D /* AppCoordinator.swift in Sources */ = {isa = PBXBuildFile; fileRef = 4BA9F1B82D70C81500C2298D /* AppCoordinator.swift */; };
		4BB9C2842D6664F800BCA13D /* AppDelegate.swift in Sources */ = {isa = PBXBuildFile; fileRef = 4BB9C2832D6664F800BCA13D /* AppDelegate.swift */; };
		4BB9C2862D6664F800BCA13D /* SceneDelegate.swift in Sources */ = {isa = PBXBuildFile; fileRef = 4BB9C2852D6664F800BCA13D /* SceneDelegate.swift */; };
		4BB9C2882D6664F800BCA13D /* VideoListViewController.swift in Sources */ = {isa = PBXBuildFile; fileRef = 4BB9C2872D6664F800BCA13D /* VideoListViewController.swift */; };
		4BB9C28B2D6664F800BCA13D /* Home.storyboard in Resources */ = {isa = PBXBuildFile; fileRef = 4BB9C2892D6664F800BCA13D /* Home.storyboard */; };
		4BB9C28D2D6664F900BCA13D /* Assets.xcassets in Resources */ = {isa = PBXBuildFile; fileRef = 4BB9C28C2D6664F900BCA13D /* Assets.xcassets */; };
		4BB9C2902D6664F900BCA13D /* LaunchScreen.storyboard in Resources */ = {isa = PBXBuildFile; fileRef = 4BB9C28E2D6664F900BCA13D /* LaunchScreen.storyboard */; };
		4BB9C29F2D666DBE00BCA13D /* VideoDto.swift in Sources */ = {isa = PBXBuildFile; fileRef = 4BB9C29E2D666DBE00BCA13D /* VideoDto.swift */; };
		4BB9C2A22D666F9B00BCA13D /* AlamofireImage in Frameworks */ = {isa = PBXBuildFile; productRef = 4BB9C2A12D666F9B00BCA13D /* AlamofireImage */; };
		4BB9C2A72D670D7E00BCA13D /* UserDto.swift in Sources */ = {isa = PBXBuildFile; fileRef = 4BB9C2A62D670D7E00BCA13D /* UserDto.swift */; };
		4BB9C2B12D67449600BCA13D /* VideoCellTableViewCell.swift in Sources */ = {isa = PBXBuildFile; fileRef = 4BB9C2B02D67449600BCA13D /* VideoCellTableViewCell.swift */; };
		4BBC1FD82D6DB5A90086CA45 /* VideoRepository.swift in Sources */ = {isa = PBXBuildFile; fileRef = 4BBC1FD72D6DB5A90086CA45 /* VideoRepository.swift */; };
		4BBC1FDD2D6DB6050086CA45 /* FetchVideosUseCase.swift in Sources */ = {isa = PBXBuildFile; fileRef = 4BBC1FDC2D6DB6050086CA45 /* FetchVideosUseCase.swift */; };
		4BBC1FDF2D6DB6480086CA45 /* VideoListViewModel.swift in Sources */ = {isa = PBXBuildFile; fileRef = 4BBC1FDE2D6DB6480086CA45 /* VideoListViewModel.swift */; };
		4BBC1FE32D6DB7810086CA45 /* Video.swift in Sources */ = {isa = PBXBuildFile; fileRef = 4BBC1FE22D6DB7810086CA45 /* Video.swift */; };
		4BBC1FE52D6DB7A80086CA45 /* PostImage.swift in Sources */ = {isa = PBXBuildFile; fileRef = 4BBC1FE42D6DB7A80086CA45 /* PostImage.swift */; };
		4BBC1FE72D6DB7B10086CA45 /* User.swift in Sources */ = {isa = PBXBuildFile; fileRef = 4BBC1FE62D6DB7B10086CA45 /* User.swift */; };
		4BBC1FEA2D6DB9AC0086CA45 /* VideoMapper.swift in Sources */ = {isa = PBXBuildFile; fileRef = 4BBC1FE92D6DB9AC0086CA45 /* VideoMapper.swift */; };
		4BF79F002D6E34F300EBFC77 /* Config.plist in Resources */ = {isa = PBXBuildFile; fileRef = 4BF79EFF2D6E34F300EBFC77 /* Config.plist */; };
		4BF79F032D6E360A00EBFC77 /* Configurations.swift in Sources */ = {isa = PBXBuildFile; fileRef = 4BF79F022D6E360A00EBFC77 /* Configurations.swift */; };
		4BF79F052D6E36E500EBFC77 /* ConfigurationManager.swift in Sources */ = {isa = PBXBuildFile; fileRef = 4BF79F042D6E36E500EBFC77 /* ConfigurationManager.swift */; };
		4BF79F092D6E3CEE00EBFC77 /* Categories.swift in Sources */ = {isa = PBXBuildFile; fileRef = 4BF79F082D6E3CEE00EBFC77 /* Categories.swift */; };
		4BF79F0C2D6E50A100EBFC77 /* DateUtils.swift in Sources */ = {isa = PBXBuildFile; fileRef = 4BF79F0B2D6E50A100EBFC77 /* DateUtils.swift */; };
		4BF79F0E2D6E519D00EBFC77 /* StringUtils.swift in Sources */ = {isa = PBXBuildFile; fileRef = 4BF79F0D2D6E519D00EBFC77 /* StringUtils.swift */; };
		4BF79F122D6E540A00EBFC77 /* APIEndpoint.swift in Sources */ = {isa = PBXBuildFile; fileRef = 4BF79F112D6E540A00EBFC77 /* APIEndpoint.swift */; };
		4BF79F142D6E832000EBFC77 /* VideoListApiEndPoint.swift in Sources */ = {isa = PBXBuildFile; fileRef = 4BF79F132D6E832000EBFC77 /* VideoListApiEndPoint.swift */; };
		4BF79F172D6E859F00EBFC77 /* APIManager.swift in Sources */ = {isa = PBXBuildFile; fileRef = 4BF79F162D6E859F00EBFC77 /* APIManager.swift */; };
		4BF79F1A2D6E861700EBFC77 /* RepositoryProtocol.swift in Sources */ = {isa = PBXBuildFile; fileRef = 4BF79F192D6E861700EBFC77 /* RepositoryProtocol.swift */; };
		4BF79F1D2D6F160F00EBFC77 /* VideoListFactory.swift in Sources */ = {isa = PBXBuildFile; fileRef = 4BF79F1C2D6F160F00EBFC77 /* VideoListFactory.swift */; };
/* End PBXBuildFile section */

/* Begin PBXFileReference section */
		4B73EA1E2D6A0291001DF0E7 /* VideoListViewControllerExtensions.swift */ = {isa = PBXFileReference; lastKnownFileType = sourcecode.swift; path = VideoListViewControllerExtensions.swift; sourceTree = "<group>"; };
		4B73EA202D6A0562001DF0E7 /* VideoDetailSwiftUIView.swift */ = {isa = PBXFileReference; lastKnownFileType = sourcecode.swift; path = VideoDetailSwiftUIView.swift; sourceTree = "<group>"; };
		4B9529EF2D6894FF0065CDFE /* CategoryCollectionViewCell.swift */ = {isa = PBXFileReference; lastKnownFileType = sourcecode.swift; path = CategoryCollectionViewCell.swift; sourceTree = "<group>"; };
		4BA9F1B82D70C81500C2298D /* AppCoordinator.swift */ = {isa = PBXFileReference; lastKnownFileType = sourcecode.swift; path = AppCoordinator.swift; sourceTree = "<group>"; };
		4BB9C2802D6664F800BCA13D /* RedzExplorer.app */ = {isa = PBXFileReference; explicitFileType = wrapper.application; includeInIndex = 0; path = RedzExplorer.app; sourceTree = BUILT_PRODUCTS_DIR; };
		4BB9C2832D6664F800BCA13D /* AppDelegate.swift */ = {isa = PBXFileReference; lastKnownFileType = sourcecode.swift; path = AppDelegate.swift; sourceTree = "<group>"; };
		4BB9C2852D6664F800BCA13D /* SceneDelegate.swift */ = {isa = PBXFileReference; lastKnownFileType = sourcecode.swift; path = SceneDelegate.swift; sourceTree = "<group>"; };
		4BB9C2872D6664F800BCA13D /* VideoListViewController.swift */ = {isa = PBXFileReference; lastKnownFileType = sourcecode.swift; path = VideoListViewController.swift; sourceTree = "<group>"; };
		4BB9C28A2D6664F800BCA13D /* Base */ = {isa = PBXFileReference; lastKnownFileType = file.storyboard; name = Base; path = Base.lproj/Home.storyboard; sourceTree = "<group>"; };
		4BB9C28C2D6664F900BCA13D /* Assets.xcassets */ = {isa = PBXFileReference; lastKnownFileType = folder.assetcatalog; path = Assets.xcassets; sourceTree = "<group>"; };
		4BB9C28F2D6664F900BCA13D /* Base */ = {isa = PBXFileReference; lastKnownFileType = file.storyboard; name = Base; path = Base.lproj/LaunchScreen.storyboard; sourceTree = "<group>"; };
		4BB9C2912D6664F900BCA13D /* Info.plist */ = {isa = PBXFileReference; lastKnownFileType = text.plist.xml; path = Info.plist; sourceTree = "<group>"; };
		4BB9C29E2D666DBE00BCA13D /* VideoDto.swift */ = {isa = PBXFileReference; lastKnownFileType = sourcecode.swift; path = VideoDto.swift; sourceTree = "<group>"; };
		4BB9C2A62D670D7E00BCA13D /* UserDto.swift */ = {isa = PBXFileReference; lastKnownFileType = sourcecode.swift; path = UserDto.swift; sourceTree = "<group>"; };
		4BB9C2B02D67449600BCA13D /* VideoCellTableViewCell.swift */ = {isa = PBXFileReference; lastKnownFileType = sourcecode.swift; path = VideoCellTableViewCell.swift; sourceTree = "<group>"; };
		4BBC1FD72D6DB5A90086CA45 /* VideoRepository.swift */ = {isa = PBXFileReference; lastKnownFileType = sourcecode.swift; path = VideoRepository.swift; sourceTree = "<group>"; };
		4BBC1FDC2D6DB6050086CA45 /* FetchVideosUseCase.swift */ = {isa = PBXFileReference; lastKnownFileType = sourcecode.swift; path = FetchVideosUseCase.swift; sourceTree = "<group>"; };
		4BBC1FDE2D6DB6480086CA45 /* VideoListViewModel.swift */ = {isa = PBXFileReference; lastKnownFileType = sourcecode.swift; path = VideoListViewModel.swift; sourceTree = "<group>"; };
		4BBC1FE22D6DB7810086CA45 /* Video.swift */ = {isa = PBXFileReference; lastKnownFileType = sourcecode.swift; path = Video.swift; sourceTree = "<group>"; };
		4BBC1FE42D6DB7A80086CA45 /* PostImage.swift */ = {isa = PBXFileReference; lastKnownFileType = sourcecode.swift; path = PostImage.swift; sourceTree = "<group>"; };
		4BBC1FE62D6DB7B10086CA45 /* User.swift */ = {isa = PBXFileReference; lastKnownFileType = sourcecode.swift; path = User.swift; sourceTree = "<group>"; };
		4BBC1FE92D6DB9AC0086CA45 /* VideoMapper.swift */ = {isa = PBXFileReference; lastKnownFileType = sourcecode.swift; path = VideoMapper.swift; sourceTree = "<group>"; };
		4BF79EFF2D6E34F300EBFC77 /* Config.plist */ = {isa = PBXFileReference; lastKnownFileType = text.plist.xml; path = Config.plist; sourceTree = "<group>"; };
		4BF79F022D6E360A00EBFC77 /* Configurations.swift */ = {isa = PBXFileReference; lastKnownFileType = sourcecode.swift; path = Configurations.swift; sourceTree = "<group>"; };
		4BF79F042D6E36E500EBFC77 /* ConfigurationManager.swift */ = {isa = PBXFileReference; lastKnownFileType = sourcecode.swift; path = ConfigurationManager.swift; sourceTree = "<group>"; };
		4BF79F082D6E3CEE00EBFC77 /* Categories.swift */ = {isa = PBXFileReference; lastKnownFileType = sourcecode.swift; path = Categories.swift; sourceTree = "<group>"; };
		4BF79F0B2D6E50A100EBFC77 /* DateUtils.swift */ = {isa = PBXFileReference; lastKnownFileType = sourcecode.swift; path = DateUtils.swift; sourceTree = "<group>"; };
		4BF79F0D2D6E519D00EBFC77 /* StringUtils.swift */ = {isa = PBXFileReference; lastKnownFileType = sourcecode.swift; path = StringUtils.swift; sourceTree = "<group>"; };
		4BF79F112D6E540A00EBFC77 /* APIEndpoint.swift */ = {isa = PBXFileReference; lastKnownFileType = sourcecode.swift; path = APIEndpoint.swift; sourceTree = "<group>"; };
		4BF79F132D6E832000EBFC77 /* VideoListApiEndPoint.swift */ = {isa = PBXFileReference; lastKnownFileType = sourcecode.swift; path = VideoListApiEndPoint.swift; sourceTree = "<group>"; };
		4BF79F162D6E859F00EBFC77 /* APIManager.swift */ = {isa = PBXFileReference; lastKnownFileType = sourcecode.swift; path = APIManager.swift; sourceTree = "<group>"; };
		4BF79F192D6E861700EBFC77 /* RepositoryProtocol.swift */ = {isa = PBXFileReference; lastKnownFileType = sourcecode.swift; path = RepositoryProtocol.swift; sourceTree = "<group>"; };
		4BF79F1C2D6F160F00EBFC77 /* VideoListFactory.swift */ = {isa = PBXFileReference; lastKnownFileType = sourcecode.swift; path = VideoListFactory.swift; sourceTree = "<group>"; };
/* End PBXFileReference section */

/* Begin PBXFrameworksBuildPhase section */
		4BB9C27D2D6664F800BCA13D /* Frameworks */ = {
			isa = PBXFrameworksBuildPhase;
			buildActionMask = 2147483647;
			files = (
				1E7535672D709EA6002E8310 /* XCoordinatorCombine in Frameworks */,
				4B9529F82D68D1850065CDFE /* SkeletonView in Frameworks */,
				4BB9C2A22D666F9B00BCA13D /* AlamofireImage in Frameworks */,
				1E7535652D709EA6002E8310 /* XCoordinator in Frameworks */,
				4B24311D2D746F7D00513E12 /* SDWebImage in Frameworks */,
			);
			runOnlyForDeploymentPostprocessing = 0;
		};
/* End PBXFrameworksBuildPhase section */

/* Begin PBXGroup section */
		4B5F66C52D6F50F2002DAAA5 /* Coordinator */ = {
			isa = PBXGroup;
			children = (
				4BA9F1B82D70C81500C2298D /* AppCoordinator.swift */,
			);
			path = Coordinator;
			sourceTree = "<group>";
		};
		4BB9C2772D6664F800BCA13D = {
			isa = PBXGroup;
			children = (
				4BB9C2822D6664F800BCA13D /* RedzExplorer */,
				4BB9C2812D6664F800BCA13D /* Products */,
			);
			sourceTree = "<group>";
		};
		4BB9C2812D6664F800BCA13D /* Products */ = {
			isa = PBXGroup;
			children = (
				4BB9C2802D6664F800BCA13D /* RedzExplorer.app */,
			);
			name = Products;
			sourceTree = "<group>";
		};
		4BB9C2822D6664F800BCA13D /* RedzExplorer */ = {
			isa = PBXGroup;
			children = (
				4BF79EFE2D6E34CF00EBFC77 /* Configuration */,
				4B5F66C52D6F50F2002DAAA5 /* Coordinator */,
				4BF79F102D6E53F300EBFC77 /* Networking */,
				4BBC1FEC2D6E0F0A0086CA45 /* Assets */,
				4BBC1FEB2D6E0E230086CA45 /* Application */,
				4BBC1FD12D6DB4F10086CA45 /* Views */,
				4BB9C29C2D66689200BCA13D /* Utils */,
				4BB9C28E2D6664F900BCA13D /* LaunchScreen.storyboard */,
				4BB9C2912D6664F900BCA13D /* Info.plist */,
			);
			path = RedzExplorer;
			sourceTree = "<group>";
		};
		4BB9C29C2D66689200BCA13D /* Utils */ = {
			isa = PBXGroup;
			children = (
				4BF79F0B2D6E50A100EBFC77 /* DateUtils.swift */,
				4BF79F0D2D6E519D00EBFC77 /* StringUtils.swift */,
			);
			path = Utils;
			sourceTree = "<group>";
		};
		4BBC1FC82D6DB4610086CA45 /* Data */ = {
			isa = PBXGroup;
			children = (
				4BF79F152D6E832B00EBFC77 /* APIEndPoint */,
				4BBC1FE82D6DB99D0086CA45 /* Mappers */,
				4BBC1FCB2D6DB4860086CA45 /* Repositories */,
				4BBC1FC92D6DB4740086CA45 /* Models */,
			);
			path = Data;
			sourceTree = "<group>";
		};
		4BBC1FC92D6DB4740086CA45 /* Models */ = {
			isa = PBXGroup;
			children = (
				4BB9C29E2D666DBE00BCA13D /* VideoDto.swift */,
				4BB9C2A62D670D7E00BCA13D /* UserDto.swift */,
			);
			path = Models;
			sourceTree = "<group>";
		};
		4BBC1FCB2D6DB4860086CA45 /* Repositories */ = {
			isa = PBXGroup;
			children = (
				4BBC1FD72D6DB5A90086CA45 /* VideoRepository.swift */,
			);
			path = Repositories;
			sourceTree = "<group>";
		};
		4BBC1FCC2D6DB4950086CA45 /* Domain */ = {
			isa = PBXGroup;
			children = (
				4BBC1FD52D6DB5350086CA45 /* UseCases */,
				4BBC1FD42D6DB5300086CA45 /* Models */,
			);
			path = Domain;
			sourceTree = "<group>";
		};
		4BBC1FCF2D6DB4BA0086CA45 /* Extensions */ = {
			isa = PBXGroup;
			children = (
				4B73EA1E2D6A0291001DF0E7 /* VideoListViewControllerExtensions.swift */,
			);
			path = Extensions;
			sourceTree = "<group>";
		};
		4BBC1FD12D6DB4F10086CA45 /* Views */ = {
			isa = PBXGroup;
			children = (
				4BF79F062D6E3CD300EBFC77 /* Domain */,
				4BBC1FED2D6E10100086CA45 /* VideoList */,
				4BBC1FD22D6DB5020086CA45 /* VideoDetails */,
			);
			path = Views;
			sourceTree = "<group>";
		};
		4BBC1FD22D6DB5020086CA45 /* VideoDetails */ = {
			isa = PBXGroup;
			children = (
				4B73EA202D6A0562001DF0E7 /* VideoDetailSwiftUIView.swift */,
			);
			path = VideoDetails;
			sourceTree = "<group>";
		};
		4BBC1FD42D6DB5300086CA45 /* Models */ = {
			isa = PBXGroup;
			children = (
				4BBC1FE22D6DB7810086CA45 /* Video.swift */,
				4BBC1FE42D6DB7A80086CA45 /* PostImage.swift */,
				4BBC1FE62D6DB7B10086CA45 /* User.swift */,
			);
			path = Models;
			sourceTree = "<group>";
		};
		4BBC1FD52D6DB5350086CA45 /* UseCases */ = {
			isa = PBXGroup;
			children = (
				4BBC1FDC2D6DB6050086CA45 /* FetchVideosUseCase.swift */,
			);
			path = UseCases;
			sourceTree = "<group>";
		};
		4BBC1FE02D6DB6D90086CA45 /* Cells */ = {
			isa = PBXGroup;
			children = (
				4B9529EF2D6894FF0065CDFE /* CategoryCollectionViewCell.swift */,
				4BB9C2B02D67449600BCA13D /* VideoCellTableViewCell.swift */,
			);
			path = Cells;
			sourceTree = "<group>";
		};
		4BBC1FE82D6DB99D0086CA45 /* Mappers */ = {
			isa = PBXGroup;
			children = (
				4BBC1FE92D6DB9AC0086CA45 /* VideoMapper.swift */,
			);
			path = Mappers;
			sourceTree = "<group>";
		};
		4BBC1FEB2D6E0E230086CA45 /* Application */ = {
			isa = PBXGroup;
			children = (
				4BB9C2832D6664F800BCA13D /* AppDelegate.swift */,
				4BB9C2852D6664F800BCA13D /* SceneDelegate.swift */,
			);
			path = Application;
			sourceTree = "<group>";
		};
		4BBC1FEC2D6E0F0A0086CA45 /* Assets */ = {
			isa = PBXGroup;
			children = (
				4BB9C28C2D6664F900BCA13D /* Assets.xcassets */,
			);
			path = Assets;
			sourceTree = "<group>";
		};
		4BBC1FED2D6E10100086CA45 /* VideoList */ = {
			isa = PBXGroup;
			children = (
				4BF79F1B2D6F15F400EBFC77 /* Composition */,
				4BBC1FC82D6DB4610086CA45 /* Data */,
				4BBC1FCC2D6DB4950086CA45 /* Domain */,
				4BBC1FEE2D6E10520086CA45 /* UI */,
				4BB9C2892D6664F800BCA13D /* Home.storyboard */,
			);
			path = VideoList;
			sourceTree = "<group>";
		};
		4BBC1FEE2D6E10520086CA45 /* UI */ = {
			isa = PBXGroup;
			children = (
				4BBC1FCF2D6DB4BA0086CA45 /* Extensions */,
				4BBC1FE02D6DB6D90086CA45 /* Cells */,
				4BBC1FDE2D6DB6480086CA45 /* VideoListViewModel.swift */,
				4BB9C2872D6664F800BCA13D /* VideoListViewController.swift */,
			);
			path = UI;
			sourceTree = "<group>";
		};
		4BF79EFE2D6E34CF00EBFC77 /* Configuration */ = {
			isa = PBXGroup;
			children = (
				4BF79EFF2D6E34F300EBFC77 /* Config.plist */,
				4BF79F022D6E360A00EBFC77 /* Configurations.swift */,
				4BF79F042D6E36E500EBFC77 /* ConfigurationManager.swift */,
			);
			path = Configuration;
			sourceTree = "<group>";
		};
		4BF79F062D6E3CD300EBFC77 /* Domain */ = {
			isa = PBXGroup;
			children = (
				4BF79F072D6E3CDE00EBFC77 /* Entities */,
			);
			path = Domain;
			sourceTree = "<group>";
		};
		4BF79F072D6E3CDE00EBFC77 /* Entities */ = {
			isa = PBXGroup;
			children = (
				4BF79F082D6E3CEE00EBFC77 /* Categories.swift */,
			);
			path = Entities;
			sourceTree = "<group>";
		};
		4BF79F102D6E53F300EBFC77 /* Networking */ = {
			isa = PBXGroup;
			children = (
				4BF79F182D6E860000EBFC77 /* Repository */,
				4BF79F112D6E540A00EBFC77 /* APIEndpoint.swift */,
				4BF79F162D6E859F00EBFC77 /* APIManager.swift */,
			);
			path = Networking;
			sourceTree = "<group>";
		};
		4BF79F152D6E832B00EBFC77 /* APIEndPoint */ = {
			isa = PBXGroup;
			children = (
				4BF79F132D6E832000EBFC77 /* VideoListApiEndPoint.swift */,
			);
			path = APIEndPoint;
			sourceTree = "<group>";
		};
		4BF79F182D6E860000EBFC77 /* Repository */ = {
			isa = PBXGroup;
			children = (
				4BF79F192D6E861700EBFC77 /* RepositoryProtocol.swift */,
			);
			path = Repository;
			sourceTree = "<group>";
		};
		4BF79F1B2D6F15F400EBFC77 /* Composition */ = {
			isa = PBXGroup;
			children = (
				4BF79F1C2D6F160F00EBFC77 /* VideoListFactory.swift */,
			);
			path = Composition;
			sourceTree = "<group>";
		};
/* End PBXGroup section */

/* Begin PBXNativeTarget section */
		4BB9C27F2D6664F800BCA13D /* RedzExplorer */ = {
			isa = PBXNativeTarget;
			buildConfigurationList = 4BB9C2942D6664F900BCA13D /* Build configuration list for PBXNativeTarget "RedzExplorer" */;
			buildPhases = (
				4BB9C27C2D6664F800BCA13D /* Sources */,
				4BB9C27D2D6664F800BCA13D /* Frameworks */,
				4BB9C27E2D6664F800BCA13D /* Resources */,
			);
			buildRules = (
			);
			dependencies = (
			);
			name = RedzExplorer;
			packageProductDependencies = (
				4BB9C2A12D666F9B00BCA13D /* AlamofireImage */,
				4B9529F72D68D1850065CDFE /* SkeletonView */,
				1E7535642D709EA6002E8310 /* XCoordinator */,
				1E7535662D709EA6002E8310 /* XCoordinatorCombine */,
				4B24311C2D746F7D00513E12 /* SDWebImage */,
			);
			productName = RedzExplorer;
			productReference = 4BB9C2802D6664F800BCA13D /* RedzExplorer.app */;
			productType = "com.apple.product-type.application";
		};
/* End PBXNativeTarget section */

/* Begin PBXProject section */
		4BB9C2782D6664F800BCA13D /* Project object */ = {
			isa = PBXProject;
			attributes = {
				BuildIndependentTargetsInParallel = 1;
				LastSwiftUpdateCheck = 1430;
				LastUpgradeCheck = 1430;
				TargetAttributes = {
					4BB9C27F2D6664F800BCA13D = {
						CreatedOnToolsVersion = 14.3.1;
					};
				};
			};
			buildConfigurationList = 4BB9C27B2D6664F800BCA13D /* Build configuration list for PBXProject "RedzExplorer" */;
			compatibilityVersion = "Xcode 14.0";
			developmentRegion = en;
			hasScannedForEncodings = 0;
			knownRegions = (
				en,
				Base,
			);
			mainGroup = 4BB9C2772D6664F800BCA13D;
			packageReferences = (
				4BB9C2A02D666F9B00BCA13D /* XCRemoteSwiftPackageReference "AlamofireImage" */,
				4B9529F62D68D1850065CDFE /* XCRemoteSwiftPackageReference "SkeletonView" */,
				1E7535632D709EA6002E8310 /* XCRemoteSwiftPackageReference "XCoordinator" */,
				4B24311B2D746F7D00513E12 /* XCRemoteSwiftPackageReference "SDWebImage" */,
			);
			productRefGroup = 4BB9C2812D6664F800BCA13D /* Products */;
			projectDirPath = "";
			projectRoot = "";
			targets = (
				4BB9C27F2D6664F800BCA13D /* RedzExplorer */,
			);
		};
/* End PBXProject section */

/* Begin PBXResourcesBuildPhase section */
		4BB9C27E2D6664F800BCA13D /* Resources */ = {
			isa = PBXResourcesBuildPhase;
			buildActionMask = 2147483647;
			files = (
				4BF79F002D6E34F300EBFC77 /* Config.plist in Resources */,
				4BB9C2902D6664F900BCA13D /* LaunchScreen.storyboard in Resources */,
				4BB9C28D2D6664F900BCA13D /* Assets.xcassets in Resources */,
				4BB9C28B2D6664F800BCA13D /* Home.storyboard in Resources */,
			);
			runOnlyForDeploymentPostprocessing = 0;
		};
/* End PBXResourcesBuildPhase section */

/* Begin PBXSourcesBuildPhase section */
		4BB9C27C2D6664F800BCA13D /* Sources */ = {
			isa = PBXSourcesBuildPhase;
			buildActionMask = 2147483647;
			files = (
				4BBC1FDD2D6DB6050086CA45 /* FetchVideosUseCase.swift in Sources */,
				4BBC1FE52D6DB7A80086CA45 /* PostImage.swift in Sources */,
				4BB9C2882D6664F800BCA13D /* VideoListViewController.swift in Sources */,
				4BB9C29F2D666DBE00BCA13D /* VideoDto.swift in Sources */,
				4BF79F1D2D6F160F00EBFC77 /* VideoListFactory.swift in Sources */,
				4B73EA1F2D6A0291001DF0E7 /* VideoListViewControllerExtensions.swift in Sources */,
				4BF79F122D6E540A00EBFC77 /* APIEndpoint.swift in Sources */,
				4BB9C2842D6664F800BCA13D /* AppDelegate.swift in Sources */,
				4BA9F1B92D70C81500C2298D /* AppCoordinator.swift in Sources */,
				4BF79F092D6E3CEE00EBFC77 /* Categories.swift in Sources */,
				4BF79F172D6E859F00EBFC77 /* APIManager.swift in Sources */,
				4BF79F0E2D6E519D00EBFC77 /* StringUtils.swift in Sources */,
				4BF79F142D6E832000EBFC77 /* VideoListApiEndPoint.swift in Sources */,
				4BB9C2A72D670D7E00BCA13D /* UserDto.swift in Sources */,
				4B9529F02D6894FF0065CDFE /* CategoryCollectionViewCell.swift in Sources */,
				4BF79F0C2D6E50A100EBFC77 /* DateUtils.swift in Sources */,
				4BBC1FEA2D6DB9AC0086CA45 /* VideoMapper.swift in Sources */,
				4BB9C2862D6664F800BCA13D /* SceneDelegate.swift in Sources */,
				4BF79F032D6E360A00EBFC77 /* Configurations.swift in Sources */,
				4BBC1FDF2D6DB6480086CA45 /* VideoListViewModel.swift in Sources */,
				4BBC1FE32D6DB7810086CA45 /* Video.swift in Sources */,
				4BBC1FD82D6DB5A90086CA45 /* VideoRepository.swift in Sources */,
				4BF79F052D6E36E500EBFC77 /* ConfigurationManager.swift in Sources */,
				4BB9C2B12D67449600BCA13D /* VideoCellTableViewCell.swift in Sources */,
				4B73EA212D6A0562001DF0E7 /* VideoDetailSwiftUIView.swift in Sources */,
				4BBC1FE72D6DB7B10086CA45 /* User.swift in Sources */,
				4BF79F1A2D6E861700EBFC77 /* RepositoryProtocol.swift in Sources */,
			);
			runOnlyForDeploymentPostprocessing = 0;
		};
/* End PBXSourcesBuildPhase section */

/* Begin PBXVariantGroup section */
		4BB9C2892D6664F800BCA13D /* Home.storyboard */ = {
			isa = PBXVariantGroup;
			children = (
				4BB9C28A2D6664F800BCA13D /* Base */,
			);
			name = Home.storyboard;
			sourceTree = "<group>";
		};
		4BB9C28E2D6664F900BCA13D /* LaunchScreen.storyboard */ = {
			isa = PBXVariantGroup;
			children = (
				4BB9C28F2D6664F900BCA13D /* Base */,
			);
			name = LaunchScreen.storyboard;
			sourceTree = "<group>";
		};
/* End PBXVariantGroup section */

/* Begin XCBuildConfiguration section */
		4BB9C2922D6664F900BCA13D /* Debug */ = {
			isa = XCBuildConfiguration;
			buildSettings = {
				ALWAYS_SEARCH_USER_PATHS = NO;
				CLANG_ANALYZER_NONNULL = YES;
				CLANG_ANALYZER_NUMBER_OBJECT_CONVERSION = YES_AGGRESSIVE;
				CLANG_CXX_LANGUAGE_STANDARD = "gnu++20";
				CLANG_ENABLE_MODULES = YES;
				CLANG_ENABLE_OBJC_ARC = YES;
				CLANG_ENABLE_OBJC_WEAK = YES;
				CLANG_WARN_BLOCK_CAPTURE_AUTORELEASING = YES;
				CLANG_WARN_BOOL_CONVERSION = YES;
				CLANG_WARN_COMMA = YES;
				CLANG_WARN_CONSTANT_CONVERSION = YES;
				CLANG_WARN_DEPRECATED_OBJC_IMPLEMENTATIONS = YES;
				CLANG_WARN_DIRECT_OBJC_ISA_USAGE = YES_ERROR;
				CLANG_WARN_DOCUMENTATION_COMMENTS = YES;
				CLANG_WARN_EMPTY_BODY = YES;
				CLANG_WARN_ENUM_CONVERSION = YES;
				CLANG_WARN_INFINITE_RECURSION = YES;
				CLANG_WARN_INT_CONVERSION = YES;
				CLANG_WARN_NON_LITERAL_NULL_CONVERSION = YES;
				CLANG_WARN_OBJC_IMPLICIT_RETAIN_SELF = YES;
				CLANG_WARN_OBJC_LITERAL_CONVERSION = YES;
				CLANG_WARN_OBJC_ROOT_CLASS = YES_ERROR;
				CLANG_WARN_QUOTED_INCLUDE_IN_FRAMEWORK_HEADER = YES;
				CLANG_WARN_RANGE_LOOP_ANALYSIS = YES;
				CLANG_WARN_STRICT_PROTOTYPES = YES;
				CLANG_WARN_SUSPICIOUS_MOVE = YES;
				CLANG_WARN_UNGUARDED_AVAILABILITY = YES_AGGRESSIVE;
				CLANG_WARN_UNREACHABLE_CODE = YES;
				CLANG_WARN__DUPLICATE_METHOD_MATCH = YES;
				COPY_PHASE_STRIP = NO;
				DEBUG_INFORMATION_FORMAT = dwarf;
				ENABLE_STRICT_OBJC_MSGSEND = YES;
				ENABLE_TESTABILITY = YES;
				GCC_C_LANGUAGE_STANDARD = gnu11;
				GCC_DYNAMIC_NO_PIC = NO;
				GCC_NO_COMMON_BLOCKS = YES;
				GCC_OPTIMIZATION_LEVEL = 0;
				GCC_PREPROCESSOR_DEFINITIONS = (
					"DEBUG=1",
					"$(inherited)",
				);
				GCC_WARN_64_TO_32_BIT_CONVERSION = YES;
				GCC_WARN_ABOUT_RETURN_TYPE = YES_ERROR;
				GCC_WARN_UNDECLARED_SELECTOR = YES;
				GCC_WARN_UNINITIALIZED_AUTOS = YES_AGGRESSIVE;
				GCC_WARN_UNUSED_FUNCTION = YES;
				GCC_WARN_UNUSED_VARIABLE = YES;
				IPHONEOS_DEPLOYMENT_TARGET = 16.4;
				MTL_ENABLE_DEBUG_INFO = INCLUDE_SOURCE;
				MTL_FAST_MATH = YES;
				ONLY_ACTIVE_ARCH = YES;
				SDKROOT = iphoneos;
				SWIFT_ACTIVE_COMPILATION_CONDITIONS = DEBUG;
				SWIFT_OPTIMIZATION_LEVEL = "-Onone";
			};
			name = Debug;
		};
		4BB9C2932D6664F900BCA13D /* Release */ = {
			isa = XCBuildConfiguration;
			buildSettings = {
				ALWAYS_SEARCH_USER_PATHS = NO;
				CLANG_ANALYZER_NONNULL = YES;
				CLANG_ANALYZER_NUMBER_OBJECT_CONVERSION = YES_AGGRESSIVE;
				CLANG_CXX_LANGUAGE_STANDARD = "gnu++20";
				CLANG_ENABLE_MODULES = YES;
				CLANG_ENABLE_OBJC_ARC = YES;
				CLANG_ENABLE_OBJC_WEAK = YES;
				CLANG_WARN_BLOCK_CAPTURE_AUTORELEASING = YES;
				CLANG_WARN_BOOL_CONVERSION = YES;
				CLANG_WARN_COMMA = YES;
				CLANG_WARN_CONSTANT_CONVERSION = YES;
				CLANG_WARN_DEPRECATED_OBJC_IMPLEMENTATIONS = YES;
				CLANG_WARN_DIRECT_OBJC_ISA_USAGE = YES_ERROR;
				CLANG_WARN_DOCUMENTATION_COMMENTS = YES;
				CLANG_WARN_EMPTY_BODY = YES;
				CLANG_WARN_ENUM_CONVERSION = YES;
				CLANG_WARN_INFINITE_RECURSION = YES;
				CLANG_WARN_INT_CONVERSION = YES;
				CLANG_WARN_NON_LITERAL_NULL_CONVERSION = YES;
				CLANG_WARN_OBJC_IMPLICIT_RETAIN_SELF = YES;
				CLANG_WARN_OBJC_LITERAL_CONVERSION = YES;
				CLANG_WARN_OBJC_ROOT_CLASS = YES_ERROR;
				CLANG_WARN_QUOTED_INCLUDE_IN_FRAMEWORK_HEADER = YES;
				CLANG_WARN_RANGE_LOOP_ANALYSIS = YES;
				CLANG_WARN_STRICT_PROTOTYPES = YES;
				CLANG_WARN_SUSPICIOUS_MOVE = YES;
				CLANG_WARN_UNGUARDED_AVAILABILITY = YES_AGGRESSIVE;
				CLANG_WARN_UNREACHABLE_CODE = YES;
				CLANG_WARN__DUPLICATE_METHOD_MATCH = YES;
				COPY_PHASE_STRIP = NO;
				DEBUG_INFORMATION_FORMAT = "dwarf-with-dsym";
				ENABLE_NS_ASSERTIONS = NO;
				ENABLE_STRICT_OBJC_MSGSEND = YES;
				GCC_C_LANGUAGE_STANDARD = gnu11;
				GCC_NO_COMMON_BLOCKS = YES;
				GCC_WARN_64_TO_32_BIT_CONVERSION = YES;
				GCC_WARN_ABOUT_RETURN_TYPE = YES_ERROR;
				GCC_WARN_UNDECLARED_SELECTOR = YES;
				GCC_WARN_UNINITIALIZED_AUTOS = YES_AGGRESSIVE;
				GCC_WARN_UNUSED_FUNCTION = YES;
				GCC_WARN_UNUSED_VARIABLE = YES;
				IPHONEOS_DEPLOYMENT_TARGET = 16.4;
				MTL_ENABLE_DEBUG_INFO = NO;
				MTL_FAST_MATH = YES;
				SDKROOT = iphoneos;
				SWIFT_COMPILATION_MODE = wholemodule;
				SWIFT_OPTIMIZATION_LEVEL = "-O";
				VALIDATE_PRODUCT = YES;
			};
			name = Release;
		};
		4BB9C2952D6664F900BCA13D /* Debug */ = {
			isa = XCBuildConfiguration;
			buildSettings = {
				ASSETCATALOG_COMPILER_APPICON_NAME = AppIcon;
				ASSETCATALOG_COMPILER_GLOBAL_ACCENT_COLOR_NAME = AccentColor;
				ASSETCATALOG_COMPILER_INCLUDE_ALL_APPICON_ASSETS = NO;
				CODE_SIGN_STYLE = Automatic;
				CURRENT_PROJECT_VERSION = 1;
				GENERATE_INFOPLIST_FILE = YES;
				INFOPLIST_FILE = RedzExplorer/Info.plist;
				INFOPLIST_KEY_UIApplicationSupportsIndirectInputEvents = YES;
				INFOPLIST_KEY_UILaunchStoryboardName = LaunchScreen.storyboard;
				INFOPLIST_KEY_UISupportedInterfaceOrientations = UIInterfaceOrientationPortrait;
				INFOPLIST_KEY_UISupportedInterfaceOrientations_iPad = "UIInterfaceOrientationLandscapeLeft UIInterfaceOrientationLandscapeRight UIInterfaceOrientationPortrait UIInterfaceOrientationPortraitUpsideDown";
				IPHONEOS_DEPLOYMENT_TARGET = 15.0;
				LD_RUNPATH_SEARCH_PATHS = (
					"$(inherited)",
					"@executable_path/Frameworks",
				);
				MARKETING_VERSION = 1.0;
				PRODUCT_BUNDLE_IDENTIFIER = com.test.RedzExplorer;
				PRODUCT_NAME = "$(TARGET_NAME)";
				SUPPORTED_PLATFORMS = "iphoneos iphonesimulator";
				SUPPORTS_MACCATALYST = NO;
				SUPPORTS_MAC_DESIGNED_FOR_IPHONE_IPAD = NO;
				SWIFT_EMIT_LOC_STRINGS = YES;
				SWIFT_VERSION = 5.0;
				TARGETED_DEVICE_FAMILY = 1;
			};
			name = Debug;
		};
		4BB9C2962D6664F900BCA13D /* Release */ = {
			isa = XCBuildConfiguration;
			buildSettings = {
				ASSETCATALOG_COMPILER_APPICON_NAME = AppIcon;
				ASSETCATALOG_COMPILER_GLOBAL_ACCENT_COLOR_NAME = AccentColor;
				ASSETCATALOG_COMPILER_INCLUDE_ALL_APPICON_ASSETS = NO;
				CODE_SIGN_STYLE = Automatic;
				CURRENT_PROJECT_VERSION = 1;
				GENERATE_INFOPLIST_FILE = YES;
				INFOPLIST_FILE = RedzExplorer/Info.plist;
				INFOPLIST_KEY_UIApplicationSupportsIndirectInputEvents = YES;
				INFOPLIST_KEY_UILaunchStoryboardName = LaunchScreen.storyboard;
				INFOPLIST_KEY_UISupportedInterfaceOrientations = UIInterfaceOrientationPortrait;
				INFOPLIST_KEY_UISupportedInterfaceOrientations_iPad = "UIInterfaceOrientationLandscapeLeft UIInterfaceOrientationLandscapeRight UIInterfaceOrientationPortrait UIInterfaceOrientationPortraitUpsideDown";
				IPHONEOS_DEPLOYMENT_TARGET = 15.0;
				LD_RUNPATH_SEARCH_PATHS = (
					"$(inherited)",
					"@executable_path/Frameworks",
				);
				MARKETING_VERSION = 1.0;
				PRODUCT_BUNDLE_IDENTIFIER = com.test.RedzExplorer;
				PRODUCT_NAME = "$(TARGET_NAME)";
				SUPPORTED_PLATFORMS = "iphoneos iphonesimulator";
				SUPPORTS_MACCATALYST = NO;
				SUPPORTS_MAC_DESIGNED_FOR_IPHONE_IPAD = NO;
				SWIFT_EMIT_LOC_STRINGS = YES;
				SWIFT_VERSION = 5.0;
				TARGETED_DEVICE_FAMILY = 1;
			};
			name = Release;
		};
/* End XCBuildConfiguration section */

/* Begin XCConfigurationList section */
		4BB9C27B2D6664F800BCA13D /* Build configuration list for PBXProject "RedzExplorer" */ = {
			isa = XCConfigurationList;
			buildConfigurations = (
				4BB9C2922D6664F900BCA13D /* Debug */,
				4BB9C2932D6664F900BCA13D /* Release */,
			);
			defaultConfigurationIsVisible = 0;
			defaultConfigurationName = Release;
		};
		4BB9C2942D6664F900BCA13D /* Build configuration list for PBXNativeTarget "RedzExplorer" */ = {
			isa = XCConfigurationList;
			buildConfigurations = (
				4BB9C2952D6664F900BCA13D /* Debug */,
				4BB9C2962D6664F900BCA13D /* Release */,
			);
			defaultConfigurationIsVisible = 0;
			defaultConfigurationName = Release;
		};
/* End XCConfigurationList section */

/* Begin XCRemoteSwiftPackageReference section */
		1E7535632D709EA6002E8310 /* XCRemoteSwiftPackageReference "XCoordinator" */ = {
			isa = XCRemoteSwiftPackageReference;
			repositoryURL = "https://github.com/QuickBirdEng/XCoordinator.git";
			requirement = {
				kind = upToNextMajorVersion;
				minimumVersion = 2.2.1;
			};
		};
		4B24311B2D746F7D00513E12 /* XCRemoteSwiftPackageReference "SDWebImage" */ = {
			isa = XCRemoteSwiftPackageReference;
			repositoryURL = "https://github.com/SDWebImage/SDWebImage.git";
			requirement = {
				kind = exactVersion;
				version = 5.20.0;
			};
		};
		4B9529F62D68D1850065CDFE /* XCRemoteSwiftPackageReference "SkeletonView" */ = {
			isa = XCRemoteSwiftPackageReference;
			repositoryURL = "https://github.com/Juanpe/SkeletonView";
			requirement = {
				kind = upToNextMajorVersion;
				minimumVersion = 1.0.0;
			};
		};
		4BB9C2A02D666F9B00BCA13D /* XCRemoteSwiftPackageReference "AlamofireImage" */ = {
			isa = XCRemoteSwiftPackageReference;
			repositoryURL = "https://github.com/Alamofire/AlamofireImage";
			requirement = {
				kind = upToNextMajorVersion;
				minimumVersion = 4.0.0;
			};
		};
/* End XCRemoteSwiftPackageReference section */

/* Begin XCSwiftPackageProductDependency section */
		1E7535642D709EA6002E8310 /* XCoordinator */ = {
			isa = XCSwiftPackageProductDependency;
			package = 1E7535632D709EA6002E8310 /* XCRemoteSwiftPackageReference "XCoordinator" */;
			productName = XCoordinator;
		};
		1E7535662D709EA6002E8310 /* XCoordinatorCombine */ = {
			isa = XCSwiftPackageProductDependency;
			package = 1E7535632D709EA6002E8310 /* XCRemoteSwiftPackageReference "XCoordinator" */;
			productName = XCoordinatorCombine;
		};
		4B24311C2D746F7D00513E12 /* SDWebImage */ = {
			isa = XCSwiftPackageProductDependency;
			package = 4B24311B2D746F7D00513E12 /* XCRemoteSwiftPackageReference "SDWebImage" */;
			productName = SDWebImage;
		};
		4B9529F72D68D1850065CDFE /* SkeletonView */ = {
			isa = XCSwiftPackageProductDependency;
			package = 4B9529F62D68D1850065CDFE /* XCRemoteSwiftPackageReference "SkeletonView" */;
			productName = SkeletonView;
		};
		4BB9C2A12D666F9B00BCA13D /* AlamofireImage */ = {
			isa = XCSwiftPackageProductDependency;
			package = 4BB9C2A02D666F9B00BCA13D /* XCRemoteSwiftPackageReference "AlamofireImage" */;
			productName = AlamofireImage;
		};
/* End XCSwiftPackageProductDependency section */
	};
	rootObject = 4BB9C2782D6664F800BCA13D /* Project object */;
}
